{
  "version": 4,
  "terraform_version": "1.13.4",
  "serial": 3,
  "lineage": "19db38e2-a8ca-e370-f3f3-b2363475d12d",
  "outputs": {},
  "resources": [
    {
      "mode": "managed",
      "type": "proxmox_virtual_environment_file",
      "name": "ubuntu_cloud_image",
      "provider": "provider[\"registry.terraform.io/bpg/proxmox\"]",
      "instances": [
        {
          "schema_version": 0,
          "attributes": {
            "content_type": "iso",
            "datastore_id": "local",
            "file_mode": null,
            "file_modification_date": "2025-10-14T13:21:38Z",
            "file_name": "noble-server-cloudimg-amd64.img",
            "file_size": 624737280,
            "file_tag": "68ee4e62-253cbc00",
            "id": "local:iso/noble-server-cloudimg-amd64.img",
            "node_name": "Homelab",
            "overwrite": true,
            "source_file": [
              {
                "changed": false,
                "checksum": "",
                "file_name": "",
                "insecure": false,
                "min_tls": "",
                "path": "../noble-server-cloudimg-amd64.img"
              }
            ],
            "source_raw": [],
            "timeout_upload": 1800
          },
          "sensitive_attributes": [],
          "identity_schema_version": 0,
          "private": "bnVsbA=="
        }
      ]
    }
  ],
  "check_results": null
}
